
Microsoft Visual Studio Solution File, Format Version 12.00
# Visual Studio Version 17
VisualStudioVersion = 17.11.35312.102
MinimumVisualStudioVersion = 10.0.40219.1
Project("{9A19103F-16F7-4668-BE54-9A1E7A4F7556}") = "Aula1", "Aula1\Aula1.csproj", "{A8E0E7BB-7B0F-4928-8ED6-FC1BCAC4F5A7}"
EndProject
Project("{9A19103F-16F7-4668-BE54-9A1E7A4F7556}") = "Aula2", "Aula2\Aula2.csproj", "{58C4C555-F5EB-4CF9-89B8-9B7756516DA8}"
EndProject
Project("{9A19103F-16F7-4668-BE54-9A1E7A4F7556}") = "Aula3", "Aula3\Aula3.csproj", "{8B577B95-EAD2-4FE2-AF74-4AC074427EAC}"
EndProject
Project("{9A19103F-16F7-4668-BE54-9A1E7A4F7556}") = "Aula4", "Aula4\Aula4.csproj", "{3162C87B-C818-49B8-8C57-548B5F354607}"
EndProject
Project("{9A19103F-16F7-4668-BE54-9A1E7A4F7556}") = "Aula5", "Aula5\Aula5.csproj", "{BA2124C9-44FE-4152-8201-B6A9A3AF8417}"
EndProject
Project("{FAE04EC0-301F-11D3-BF4B-00C04F79EFBC}") = "WebApplicationSoap", "WebApplicationSoap\WebApplicationSoap.csproj", "{96940F07-77EE-4793-AF12-4CB7FAF29CB8}"
EndProject
Project("{FAE04EC0-301F-11D3-BF4B-00C04F79EFBC}") = "Aula6", "Aula6\Aula6.csproj", "{90885EC0-412E-4B02-87FF-8503DE519213}"
EndProject
Global
	GlobalSection(SolutionConfigurationPlatforms) = preSolution
		Debug|Any CPU = Debug|Any CPU
		Release|Any CPU = Release|Any CPU
	EndGlobalSection
	GlobalSection(ProjectConfigurationPlatforms) = postSolution
		{A8E0E7BB-7B0F-4928-8ED6-FC1BCAC4F5A7}.Debug|Any CPU.ActiveCfg = Debug|Any CPU
		{A8E0E7BB-7B0F-4928-8ED6-FC1BCAC4F5A7}.Debug|Any CPU.Build.0 = Debug|Any CPU
		{A8E0E7BB-7B0F-4928-8ED6-FC1BCAC4F5A7}.Release|Any CPU.ActiveCfg = Release|Any CPU
		{A8E0E7BB-7B0F-4928-8ED6-FC1BCAC4F5A7}.Release|Any CPU.Build.0 = Release|Any CPU
		{58C4C555-F5EB-4CF9-89B8-9B7756516DA8}.Debug|Any CPU.ActiveCfg = Debug|Any CPU
		{58C4C555-F5EB-4CF9-89B8-9B7756516DA8}.Debug|Any CPU.Build.0 = Debug|Any CPU
		{58C4C555-F5EB-4CF9-89B8-9B7756516DA8}.Release|Any CPU.ActiveCfg = Release|Any CPU
		{58C4C555-F5EB-4CF9-89B8-9B7756516DA8}.Release|Any CPU.Build.0 = Release|Any CPU
		{8B577B95-EAD2-4FE2-AF74-4AC074427EAC}.Debug|Any CPU.ActiveCfg = Debug|Any CPU
		{8B577B95-EAD2-4FE2-AF74-4AC074427EAC}.Debug|Any CPU.Build.0 = Debug|Any CPU
		{8B577B95-EAD2-4FE2-AF74-4AC074427EAC}.Release|Any CPU.ActiveCfg = Release|Any CPU
		{8B577B95-EAD2-4FE2-AF74-4AC074427EAC}.Release|Any CPU.Build.0 = Release|Any CPU
		{3162C87B-C818-49B8-8C57-548B5F354607}.Debug|Any CPU.ActiveCfg = Debug|Any CPU
		{3162C87B-C818-49B8-8C57-548B5F354607}.Debug|Any CPU.Build.0 = Debug|Any CPU
		{3162C87B-C818-49B8-8C57-548B5F354607}.Release|Any CPU.ActiveCfg = Release|Any CPU
		{3162C87B-C818-49B8-8C57-548B5F354607}.Release|Any CPU.Build.0 = Release|Any CPU
		{BA2124C9-44FE-4152-8201-B6A9A3AF8417}.Debug|Any CPU.ActiveCfg = Debug|Any CPU
		{BA2124C9-44FE-4152-8201-B6A9A3AF8417}.Debug|Any CPU.Build.0 = Debug|Any CPU
		{BA2124C9-44FE-4152-8201-B6A9A3AF8417}.Release|Any CPU.ActiveCfg = Release|Any CPU
		{BA2124C9-44FE-4152-8201-B6A9A3AF8417}.Release|Any CPU.Build.0 = Release|Any CPU
		{96940F07-77EE-4793-AF12-4CB7FAF29CB8}.Debug|Any CPU.ActiveCfg = Debug|Any CPU
		{96940F07-77EE-4793-AF12-4CB7FAF29CB8}.Debug|Any CPU.Build.0 = Debug|Any CPU
		{96940F07-77EE-4793-AF12-4CB7FAF29CB8}.Release|Any CPU.ActiveCfg = Release|Any CPU
		{96940F07-77EE-4793-AF12-4CB7FAF29CB8}.Release|Any CPU.Build.0 = Release|Any CPU
		{90885EC0-412E-4B02-87FF-8503DE519213}.Debug|Any CPU.ActiveCfg = Debug|Any CPU
		{90885EC0-412E-4B02-87FF-8503DE519213}.Debug|Any CPU.Build.0 = Debug|Any CPU
		{90885EC0-412E-4B02-87FF-8503DE519213}.Release|Any CPU.ActiveCfg = Release|Any CPU
		{90885EC0-412E-4B02-87FF-8503DE519213}.Release|Any CPU.Build.0 = Release|Any CPU
	EndGlobalSection
	GlobalSection(SolutionProperties) = preSolution
		HideSolutionNode = FALSE
	EndGlobalSection
	GlobalSection(ExtensibilityGlobals) = postSolution
		SolutionGuid = {1665B7AC-5AFD-4672-B57C-2C5C31FC28B2}
	EndGlobalSection
EndGlobal
